
Microsoft Visual Studio Solution File, Format Version 12.00
# Visual Studio Version 16
VisualStudioVersion = 16.0.30907.101
MinimumVisualStudioVersion = 10.0.40219.1
Project("{9A19103F-16F7-4668-BE54-9A1E7A4F7556}") = "RaizenDevops.API", "RaizenDevops\RaizenDevops.API.csproj", "{10BE0CA8-0A1E-4523-B284-58C9DFA343A8}"
EndProject
Global
	GlobalSection(SolutionConfigurationPlatforms) = preSolution
		Debug|Any CPU = Debug|Any CPU
		Release|Any CPU = Release|Any CPU
	EndGlobalSection
	GlobalSection(ProjectConfigurationPlatforms) = postSolution
		{10BE0CA8-0A1E-4523-B284-58C9DFA343A8}.Debug|Any CPU.ActiveCfg = Debug|Any CPU
		{10BE0CA8-0A1E-4523-B284-58C9DFA343A8}.Debug|Any CPU.Build.0 = Debug|Any CPU
		{10BE0CA8-0A1E-4523-B284-58C9DFA343A8}.Release|Any CPU.ActiveCfg = Release|Any CPU
		{10BE0CA8-0A1E-4523-B284-58C9DFA343A8}.Release|Any CPU.Build.0 = Release|Any CPU
	EndGlobalSection
	GlobalSection(SolutionProperties) = preSolution
		HideSolutionNode = FALSE
	EndGlobalSection
	GlobalSection(ExtensibilityGlobals) = postSolution
		SolutionGuid = {FC90E0E4-299B-4A3C-AC99-47AE91B38FA0}
	EndGlobalSection
EndGlobal
